
Microsoft Visual Studio Solution File, Format Version 12.00
# Visual Studio Version 16
VisualStudioVersion = 16.0.29503.13
MinimumVisualStudioVersion = 10.0.40219.1
Project("{9A19103F-16F7-4668-BE54-9A1E7A4F7556}") = "InternationalBusinessMen.Api", "InternationalBusinessMen.Api\InternationalBusinessMen.Api.csproj", "{91FB0FFB-52B0-4BAF-8F08-9CE87320D72D}"
EndProject
Project("{9A19103F-16F7-4668-BE54-9A1E7A4F7556}") = "InternationalBusinessMen.Core", "InternationalBusinessMen.Core\InternationalBusinessMen.Core.csproj", "{04DA03CF-E8C5-4615-BE0D-79951C387DBE}"
EndProject
Project("{9A19103F-16F7-4668-BE54-9A1E7A4F7556}") = "InternationalBusinessMen.Infraestructure", "InternationalBusinessMen.Infraestructure\InternationalBusinessMen.Infraestructure.csproj", "{48165531-64B3-4B2A-9AFA-BBAA455857A4}"
EndProject
Project("{FAE04EC0-301F-11D3-BF4B-00C04F79EFBC}") = "InternationalBusinessMen.Test", "InternationalBusinessMen.Test\InternationalBusinessMen.Test.csproj", "{DB8474F2-B48E-4D6E-B60B-C58E2D872240}"
EndProject
Global
	GlobalSection(SolutionConfigurationPlatforms) = preSolution
		Debug|Any CPU = Debug|Any CPU
		Release|Any CPU = Release|Any CPU
	EndGlobalSection
	GlobalSection(ProjectConfigurationPlatforms) = postSolution
		{91FB0FFB-52B0-4BAF-8F08-9CE87320D72D}.Debug|Any CPU.ActiveCfg = Debug|Any CPU
		{91FB0FFB-52B0-4BAF-8F08-9CE87320D72D}.Debug|Any CPU.Build.0 = Debug|Any CPU
		{91FB0FFB-52B0-4BAF-8F08-9CE87320D72D}.Release|Any CPU.ActiveCfg = Release|Any CPU
		{91FB0FFB-52B0-4BAF-8F08-9CE87320D72D}.Release|Any CPU.Build.0 = Release|Any CPU
		{04DA03CF-E8C5-4615-BE0D-79951C387DBE}.Debug|Any CPU.ActiveCfg = Debug|Any CPU
		{04DA03CF-E8C5-4615-BE0D-79951C387DBE}.Debug|Any CPU.Build.0 = Debug|Any CPU
		{04DA03CF-E8C5-4615-BE0D-79951C387DBE}.Release|Any CPU.ActiveCfg = Release|Any CPU
		{04DA03CF-E8C5-4615-BE0D-79951C387DBE}.Release|Any CPU.Build.0 = Release|Any CPU
		{48165531-64B3-4B2A-9AFA-BBAA455857A4}.Debug|Any CPU.ActiveCfg = Debug|Any CPU
		{48165531-64B3-4B2A-9AFA-BBAA455857A4}.Debug|Any CPU.Build.0 = Debug|Any CPU
		{48165531-64B3-4B2A-9AFA-BBAA455857A4}.Release|Any CPU.ActiveCfg = Release|Any CPU
		{48165531-64B3-4B2A-9AFA-BBAA455857A4}.Release|Any CPU.Build.0 = Release|Any CPU
		{DB8474F2-B48E-4D6E-B60B-C58E2D872240}.Debug|Any CPU.ActiveCfg = Debug|Any CPU
		{DB8474F2-B48E-4D6E-B60B-C58E2D872240}.Debug|Any CPU.Build.0 = Debug|Any CPU
		{DB8474F2-B48E-4D6E-B60B-C58E2D872240}.Release|Any CPU.ActiveCfg = Release|Any CPU
		{DB8474F2-B48E-4D6E-B60B-C58E2D872240}.Release|Any CPU.Build.0 = Release|Any CPU
	EndGlobalSection
	GlobalSection(SolutionProperties) = preSolution
		HideSolutionNode = FALSE
	EndGlobalSection
	GlobalSection(ExtensibilityGlobals) = postSolution
		SolutionGuid = {EF305B21-C1E6-462B-B89A-F0917BCCEAE0}
	EndGlobalSection
EndGlobal
